
Microsoft Visual Studio Solution File, Format Version 12.00
# Visual Studio Version 17
VisualStudioVersion = 17.14.37111.16
MinimumVisualStudioVersion = 10.0.40219.1
Project("{FAE04EC0-301F-11D3-BF4B-00C04F79EFBC}") = "e-commerce.server", "e-commerce.server\e-commerce.server.csproj", "{628771B5-6E20-D42B-4A84-687898E4E075}"
EndProject
Project("{54A90642-561A-4BB1-A94E-469ADEE60C69}") = "e-commerce.client", "e-commerce.client\e-commerce.client.esproj", "{0FD87086-644D-89EE-DB10-2B6517FC56C2}"
EndProject
Global
	GlobalSection(SolutionConfigurationPlatforms) = preSolution
		Debug|Any CPU = Debug|Any CPU
		Release|Any CPU = Release|Any CPU
	EndGlobalSection
	GlobalSection(ProjectConfigurationPlatforms) = postSolution
		{628771B5-6E20-D42B-4A84-687898E4E075}.Debug|Any CPU.ActiveCfg = Debug|Any CPU
		{628771B5-6E20-D42B-4A84-687898E4E075}.Debug|Any CPU.Build.0 = Debug|Any CPU
		{628771B5-6E20-D42B-4A84-687898E4E075}.Release|Any CPU.ActiveCfg = Release|Any CPU
		{628771B5-6E20-D42B-4A84-687898E4E075}.Release|Any CPU.Build.0 = Release|Any CPU
		{0FD87086-644D-89EE-DB10-2B6517FC56C2}.Debug|Any CPU.ActiveCfg = Debug|Any CPU
		{0FD87086-644D-89EE-DB10-2B6517FC56C2}.Debug|Any CPU.Build.0 = Debug|Any CPU
		{0FD87086-644D-89EE-DB10-2B6517FC56C2}.Debug|Any CPU.Deploy.0 = Debug|Any CPU
		{0FD87086-644D-89EE-DB10-2B6517FC56C2}.Release|Any CPU.ActiveCfg = Release|Any CPU
		{0FD87086-644D-89EE-DB10-2B6517FC56C2}.Release|Any CPU.Build.0 = Release|Any CPU
		{0FD87086-644D-89EE-DB10-2B6517FC56C2}.Release|Any CPU.Deploy.0 = Release|Any CPU
	EndGlobalSection
	GlobalSection(SolutionProperties) = preSolution
		HideSolutionNode = FALSE
	EndGlobalSection
	GlobalSection(ExtensibilityGlobals) = postSolution
		SolutionGuid = {8EC237C8-DAF4-4FAA-9EE8-89A89DB1DCD6}
	EndGlobalSection
EndGlobal
